
Microsoft Visual Studio Solution File, Format Version 12.00
# Visual Studio Version 16
VisualStudioVersion = 16.0.29613.14
MinimumVisualStudioVersion = 10.0.40219.1
Project("{FAE04EC0-301F-11D3-BF4B-00C04F79EFBC}") = "LoanCalculator", "LoanCalculator\LoanCalculator.csproj", "{AD83E864-F83E-4C78-9101-D36C383B73D4}"
EndProject
Global
	GlobalSection(SolutionConfigurationPlatforms) = preSolution
		Debug|Any CPU = Debug|Any CPU
		Release|Any CPU = Release|Any CPU
	EndGlobalSection
	GlobalSection(ProjectConfigurationPlatforms) = postSolution
		{AD83E864-F83E-4C78-9101-D36C383B73D4}.Debug|Any CPU.ActiveCfg = Debug|Any CPU
		{AD83E864-F83E-4C78-9101-D36C383B73D4}.Debug|Any CPU.Build.0 = Debug|Any CPU
		{AD83E864-F83E-4C78-9101-D36C383B73D4}.Release|Any CPU.ActiveCfg = Release|Any CPU
		{AD83E864-F83E-4C78-9101-D36C383B73D4}.Release|Any CPU.Build.0 = Release|Any CPU
	EndGlobalSection
	GlobalSection(SolutionProperties) = preSolution
		HideSolutionNode = FALSE
	EndGlobalSection
	GlobalSection(ExtensibilityGlobals) = postSolution
		SolutionGuid = {7C030DF0-3F45-48BA-9D57-14C40DE042CB}
	EndGlobalSection
EndGlobal
